
Microsoft Visual Studio Solution File, Format Version 12.00
# Visual Studio Version 16
VisualStudioVersion = 16.0.31205.134
MinimumVisualStudioVersion = 10.0.40219.1
Project("{8BC9CEB8-8B4A-11D0-8D11-00A0C91BC942}") = "ElvisGame", "ElvisGame\ElvisGame.vcxproj", "{D55FAD21-69EF-4BCA-AFC9-55D75E93518E}"
EndProject
Project("{8BC9CEB8-8B4A-11D0-8D11-00A0C91BC942}") = "Mirage", "Mirage\Mirage.vcxproj", "{BD45605D-CA5D-4C79-A6FE-05094A4FB1AE}"
EndProject
Global
	GlobalSection(SolutionConfigurationPlatforms) = preSolution
		Debug|x64 = Debug|x64
		Release|x64 = Release|x64
	EndGlobalSection
	GlobalSection(ProjectConfigurationPlatforms) = postSolution
		{D55FAD21-69EF-4BCA-AFC9-55D75E93518E}.Debug|x64.ActiveCfg = Debug|x64
		{D55FAD21-69EF-4BCA-AFC9-55D75E93518E}.Debug|x64.Build.0 = Debug|x64
		{D55FAD21-69EF-4BCA-AFC9-55D75E93518E}.Release|x64.ActiveCfg = Release|x64
		{D55FAD21-69EF-4BCA-AFC9-55D75E93518E}.Release|x64.Build.0 = Release|x64
		{BD45605D-CA5D-4C79-A6FE-05094A4FB1AE}.Debug|x64.ActiveCfg = Debug|x64
		{BD45605D-CA5D-4C79-A6FE-05094A4FB1AE}.Debug|x64.Build.0 = Debug|x64
		{BD45605D-CA5D-4C79-A6FE-05094A4FB1AE}.Release|x64.ActiveCfg = Release|x64
		{BD45605D-CA5D-4C79-A6FE-05094A4FB1AE}.Release|x64.Build.0 = Release|x64
	EndGlobalSection
	GlobalSection(SolutionProperties) = preSolution
		HideSolutionNode = FALSE
	EndGlobalSection
	GlobalSection(ExtensibilityGlobals) = postSolution
		SolutionGuid = {B4DAE3C0-EAE1-4B77-AAD6-C3A642DBF833}
	EndGlobalSection
EndGlobal
